
Microsoft Visual Studio Solution File, Format Version 12.00
# Visual Studio Version 16
VisualStudioVersion = 16.0.31129.286
MinimumVisualStudioVersion = 10.0.40219.1
Project("{2150E333-8FDC-42A3-9474-1A3956D46DE8}") = "DesignPattern", "DesignPattern", "{8C5E747D-BBDD-49D0-AD87-2111B56CE675}"
EndProject
Project("{2150E333-8FDC-42A3-9474-1A3956D46DE8}") = "ObserverPattern", "ObserverPattern", "{8F88D184-CFA5-478A-A159-2C9DE6D0D033}"
EndProject
Project("{9A19103F-16F7-4668-BE54-9A1E7A4F7556}") = "ObserverPattern", "DesignPattern\ObserverPattern\ObserverPattern.csproj", "{BC7F9622-10F7-4AD9-99EE-5FCC299D8F75}"
EndProject
Project("{2150E333-8FDC-42A3-9474-1A3956D46DE8}") = "Rabbitmq", "Rabbitmq", "{320D835A-84D4-4111-982B-AAA68B918F94}"
EndProject
Project("{2150E333-8FDC-42A3-9474-1A3956D46DE8}") = "demo1", "demo1", "{06747D80-48FF-4E62-9031-44E3D7780100}"
EndProject
Project("{2150E333-8FDC-42A3-9474-1A3956D46DE8}") = "demo2", "demo2", "{FB1613A2-9BE0-4304-9F51-5557B036CB83}"
EndProject
Project("{9A19103F-16F7-4668-BE54-9A1E7A4F7556}") = "Send", "Rabbitmq\demo1\Send\Send.csproj", "{7249109B-5A30-4495-A42A-301FC11A551C}"
EndProject
Project("{9A19103F-16F7-4668-BE54-9A1E7A4F7556}") = "Receive", "Rabbitmq\demo1\Receive\Receive.csproj", "{7359D8D2-36D9-4C8F-98C4-F2A796E5BD68}"
EndProject
Project("{9A19103F-16F7-4668-BE54-9A1E7A4F7556}") = "NewTask", "Rabbitmq\demo2\NewTask\NewTask.csproj", "{2CBA38C1-3EB2-4787-8700-900A62258F6F}"
EndProject
Project("{9A19103F-16F7-4668-BE54-9A1E7A4F7556}") = "Worker", "Rabbitmq\demo2\Worker\Worker.csproj", "{6EC3F9DF-BAC8-4396-812E-5EBCC1848C33}"
EndProject
Project("{2150E333-8FDC-42A3-9474-1A3956D46DE8}") = "MongoDb", "MongoDb", "{E44E3FDA-EC07-43DD-84FD-56D8F74BB873}"
EndProject
Project("{2150E333-8FDC-42A3-9474-1A3956D46DE8}") = "demo1", "demo1", "{EC95B43D-EF9A-46F8-BF5C-E63BECFF4F92}"
EndProject
Project("{9A19103F-16F7-4668-BE54-9A1E7A4F7556}") = "InsertMongo", "MongoDb\demo1\InsertMongo\InsertMongo\InsertMongo.csproj", "{A29909CB-A1BE-48CB-9803-3CB54E153F9A}"
EndProject
Project("{2150E333-8FDC-42A3-9474-1A3956D46DE8}") = "Solution Items", "Solution Items", "{68E4A78F-C887-4A2D-AB9E-91CDBD89C8D8}"
	ProjectSection(SolutionItems) = preProject
		README.md = README.md
	EndProjectSection
EndProject
Project("{2150E333-8FDC-42A3-9474-1A3956D46DE8}") = "AdoNet", "AdoNet", "{7AB56E06-773E-49C2-AD77-AF3C4B34F48C}"
EndProject
Project("{2150E333-8FDC-42A3-9474-1A3956D46DE8}") = "DbProviderFactoryDemo", "DbProviderFactoryDemo", "{CF7FA74F-7267-4E31-82D7-ADAA5498462B}"
EndProject
Project("{9A19103F-16F7-4668-BE54-9A1E7A4F7556}") = "DbProviderFactoryDemo", "AdoNet\DbProviderFactoryDemo\DbProviderFactoryDemo\DbProviderFactoryDemo.csproj", "{A0D254FE-E60C-4864-8EA3-62B6352064F9}"
EndProject
Project("{2150E333-8FDC-42A3-9474-1A3956D46DE8}") = "TryCatchDemo", "TryCatchDemo", "{C686B329-FB8F-44F8-B94F-4D7D9BF286F3}"
EndProject
Project("{9A19103F-16F7-4668-BE54-9A1E7A4F7556}") = "TryCatchDemo", "TryCatchDemo\TryCatchDemo.csproj", "{BEEF3B5D-AC77-438B-BD77-0C676FE91E88}"
EndProject
Project("{2150E333-8FDC-42A3-9474-1A3956D46DE8}") = "ExpressionDemo", "ExpressionDemo", "{04F1E2A2-5122-4AE4-870A-FB865EAC9EF2}"
EndProject
Project("{2150E333-8FDC-42A3-9474-1A3956D46DE8}") = "demo1", "demo1", "{E54FE755-9CCB-45C1-AD7A-868A7153447F}"
EndProject
Project("{9A19103F-16F7-4668-BE54-9A1E7A4F7556}") = "ExpressionDemo1", "ExpressionDemo\demo1\ExpressionDemo1\ExpressionDemo1.csproj", "{15E3286E-68BE-4F37-A777-9E980AA667B2}"
EndProject
Project("{2150E333-8FDC-42A3-9474-1A3956D46DE8}") = "AwaitAsyncDemo", "AwaitAsyncDemo", "{3F660A3F-91BA-4D82-B8BD-4D14C06ADEB9}"
EndProject
Project("{2150E333-8FDC-42A3-9474-1A3956D46DE8}") = "demo1", "demo1", "{A020A51C-D039-4122-A97E-F4B86CB815D1}"
EndProject
Project("{9A19103F-16F7-4668-BE54-9A1E7A4F7556}") = "AwaitAsyncDemo1", "AwaitAsyncDemo\demo1\AwaitAsyncDemo1\AwaitAsyncDemo1.csproj", "{C193C328-E088-4F82-9E33-1B33DB2FF9A3}"
EndProject
Project("{2150E333-8FDC-42A3-9474-1A3956D46DE8}") = "MiddlewareAndDI", "MiddlewareAndDI", "{317DE051-6C84-4BA9-A471-7B6FCD767D53}"
EndProject
Project("{2150E333-8FDC-42A3-9474-1A3956D46DE8}") = "demo1", "demo1", "{C52DCB37-D1E8-4C52-8E67-B772B4FB2152}"
EndProject
Project("{9A19103F-16F7-4668-BE54-9A1E7A4F7556}") = "MiddlewareDemoOne", "AwaitAsyncDemo\demo1\MiddlewareDemoOne\MiddlewareDemoOne.csproj", "{E47AF140-7E39-4DD8-A683-E0A3F97322E8}"
EndProject
Project("{2150E333-8FDC-42A3-9474-1A3956D46DE8}") = "Elasticsearch", "Elasticsearch", "{887DA95B-2821-470B-B892-0944EDCF119A}"
EndProject
Project("{2150E333-8FDC-42A3-9474-1A3956D46DE8}") = "demo1", "demo1", "{F7349128-94AB-4B6C-A62F-32B473121119}"
EndProject
Project("{9A19103F-16F7-4668-BE54-9A1E7A4F7556}") = "ElasticsearchDemoOne", "Elasticsearch\demo1\ElasticsearchDemoOne\ElasticsearchDemoOne.csproj", "{D17D3538-FAA9-4F72-919B-D9924BD3DA30}"
EndProject
Project("{2150E333-8FDC-42A3-9474-1A3956D46DE8}") = "demo2", "demo2", "{49B6950A-A48B-495C-8CA4-D1FEFC80B782}"
EndProject
Project("{9A19103F-16F7-4668-BE54-9A1E7A4F7556}") = "LifetimeDemo", "MiddlewareAndDI\demo2\LifetimeDemo\LifetimeDemo.csproj", "{DDD72D0F-11B2-4D8E-804C-7382D394B489}"
EndProject
Project("{9A19103F-16F7-4668-BE54-9A1E7A4F7556}") = "LifetimeDemo1", "MiddlewareAndDI\demo2\LifetimeDemo1\LifetimeDemo1.csproj", "{BD9B5FF7-E4B2-48C4-AAB5-20790E4B2C0A}"
EndProject
Project("{2150E333-8FDC-42A3-9474-1A3956D46DE8}") = "demo3", "demo3", "{0E83CBE9-D3C4-47A5-A0C8-86318E0EFF46}"
EndProject
Project("{9A19103F-16F7-4668-BE54-9A1E7A4F7556}") = "CustomMiddleWareDemo", "MiddlewareAndDI\demo3\CustomMiddleWareDemo\CustomMiddleWareDemo.csproj", "{EE533E8D-A8A7-4468-B912-D9156E8EA9DA}"
EndProject
Project("{2150E333-8FDC-42A3-9474-1A3956D46DE8}") = "Caching", "Caching", "{7BD7C9B9-5241-4D27-9E3C-1C0A4E1EC226}"
EndProject
Project("{2150E333-8FDC-42A3-9474-1A3956D46DE8}") = "demo1", "demo1", "{B4AD1264-875B-41A0-93DD-C79EEFD20FAF}"
EndProject
Project("{9A19103F-16F7-4668-BE54-9A1E7A4F7556}") = "ResponseCacheSample", "Caching\demo1\ResponseCacheSample\ResponseCacheSample.csproj", "{F6001599-8AD0-4EC5-9A64-7E3CA3761BF8}"
EndProject
Project("{2150E333-8FDC-42A3-9474-1A3956D46DE8}") = "demo2", "demo2", "{1428B49D-6033-498B-8E96-ECF3EE59EF7E}"
EndProject
Project("{FAE04EC0-301F-11D3-BF4B-00C04F79EFBC}") = "MemoryCacheDemo", "Caching\demo2\MemoryCacheDemo\MemoryCacheDemo.csproj", "{EB56394F-A246-46E5-9C0E-F3E5D5AD4637}"
EndProject
Project("{FAE04EC0-301F-11D3-BF4B-00C04F79EFBC}") = "ElasticsearchDemo", "Elasticsearch\demo1\ElasticsearchDemo\ElasticsearchDemo.csproj", "{D22042D4-C01B-4C2A-8FCC-28F5E70F4A24}"
EndProject
Global
	GlobalSection(SolutionConfigurationPlatforms) = preSolution
		Debug|Any CPU = Debug|Any CPU
		Release|Any CPU = Release|Any CPU
	EndGlobalSection
	GlobalSection(ProjectConfigurationPlatforms) = postSolution
		{BC7F9622-10F7-4AD9-99EE-5FCC299D8F75}.Debug|Any CPU.ActiveCfg = Debug|Any CPU
		{BC7F9622-10F7-4AD9-99EE-5FCC299D8F75}.Debug|Any CPU.Build.0 = Debug|Any CPU
		{BC7F9622-10F7-4AD9-99EE-5FCC299D8F75}.Release|Any CPU.ActiveCfg = Release|Any CPU
		{BC7F9622-10F7-4AD9-99EE-5FCC299D8F75}.Release|Any CPU.Build.0 = Release|Any CPU
		{7249109B-5A30-4495-A42A-301FC11A551C}.Debug|Any CPU.ActiveCfg = Debug|Any CPU
		{7249109B-5A30-4495-A42A-301FC11A551C}.Debug|Any CPU.Build.0 = Debug|Any CPU
		{7249109B-5A30-4495-A42A-301FC11A551C}.Release|Any CPU.ActiveCfg = Release|Any CPU
		{7249109B-5A30-4495-A42A-301FC11A551C}.Release|Any CPU.Build.0 = Release|Any CPU
		{7359D8D2-36D9-4C8F-98C4-F2A796E5BD68}.Debug|Any CPU.ActiveCfg = Debug|Any CPU
		{7359D8D2-36D9-4C8F-98C4-F2A796E5BD68}.Debug|Any CPU.Build.0 = Debug|Any CPU
		{7359D8D2-36D9-4C8F-98C4-F2A796E5BD68}.Release|Any CPU.ActiveCfg = Release|Any CPU
		{7359D8D2-36D9-4C8F-98C4-F2A796E5BD68}.Release|Any CPU.Build.0 = Release|Any CPU
		{2CBA38C1-3EB2-4787-8700-900A62258F6F}.Debug|Any CPU.ActiveCfg = Debug|Any CPU
		{2CBA38C1-3EB2-4787-8700-900A62258F6F}.Debug|Any CPU.Build.0 = Debug|Any CPU
		{2CBA38C1-3EB2-4787-8700-900A62258F6F}.Release|Any CPU.ActiveCfg = Release|Any CPU
		{2CBA38C1-3EB2-4787-8700-900A62258F6F}.Release|Any CPU.Build.0 = Release|Any CPU
		{6EC3F9DF-BAC8-4396-812E-5EBCC1848C33}.Debug|Any CPU.ActiveCfg = Debug|Any CPU
		{6EC3F9DF-BAC8-4396-812E-5EBCC1848C33}.Debug|Any CPU.Build.0 = Debug|Any CPU
		{6EC3F9DF-BAC8-4396-812E-5EBCC1848C33}.Release|Any CPU.ActiveCfg = Release|Any CPU
		{6EC3F9DF-BAC8-4396-812E-5EBCC1848C33}.Release|Any CPU.Build.0 = Release|Any CPU
		{A29909CB-A1BE-48CB-9803-3CB54E153F9A}.Debug|Any CPU.ActiveCfg = Debug|Any CPU
		{A29909CB-A1BE-48CB-9803-3CB54E153F9A}.Debug|Any CPU.Build.0 = Debug|Any CPU
		{A29909CB-A1BE-48CB-9803-3CB54E153F9A}.Release|Any CPU.ActiveCfg = Release|Any CPU
		{A29909CB-A1BE-48CB-9803-3CB54E153F9A}.Release|Any CPU.Build.0 = Release|Any CPU
		{A0D254FE-E60C-4864-8EA3-62B6352064F9}.Debug|Any CPU.ActiveCfg = Debug|Any CPU
		{A0D254FE-E60C-4864-8EA3-62B6352064F9}.Debug|Any CPU.Build.0 = Debug|Any CPU
		{A0D254FE-E60C-4864-8EA3-62B6352064F9}.Release|Any CPU.ActiveCfg = Release|Any CPU
		{A0D254FE-E60C-4864-8EA3-62B6352064F9}.Release|Any CPU.Build.0 = Release|Any CPU
		{BEEF3B5D-AC77-438B-BD77-0C676FE91E88}.Debug|Any CPU.ActiveCfg = Debug|Any CPU
		{BEEF3B5D-AC77-438B-BD77-0C676FE91E88}.Debug|Any CPU.Build.0 = Debug|Any CPU
		{BEEF3B5D-AC77-438B-BD77-0C676FE91E88}.Release|Any CPU.ActiveCfg = Release|Any CPU
		{BEEF3B5D-AC77-438B-BD77-0C676FE91E88}.Release|Any CPU.Build.0 = Release|Any CPU
		{15E3286E-68BE-4F37-A777-9E980AA667B2}.Debug|Any CPU.ActiveCfg = Debug|Any CPU
		{15E3286E-68BE-4F37-A777-9E980AA667B2}.Debug|Any CPU.Build.0 = Debug|Any CPU
		{15E3286E-68BE-4F37-A777-9E980AA667B2}.Release|Any CPU.ActiveCfg = Release|Any CPU
		{15E3286E-68BE-4F37-A777-9E980AA667B2}.Release|Any CPU.Build.0 = Release|Any CPU
		{C193C328-E088-4F82-9E33-1B33DB2FF9A3}.Debug|Any CPU.ActiveCfg = Debug|Any CPU
		{C193C328-E088-4F82-9E33-1B33DB2FF9A3}.Debug|Any CPU.Build.0 = Debug|Any CPU
		{C193C328-E088-4F82-9E33-1B33DB2FF9A3}.Release|Any CPU.ActiveCfg = Release|Any CPU
		{C193C328-E088-4F82-9E33-1B33DB2FF9A3}.Release|Any CPU.Build.0 = Release|Any CPU
		{E47AF140-7E39-4DD8-A683-E0A3F97322E8}.Debug|Any CPU.ActiveCfg = Debug|Any CPU
		{E47AF140-7E39-4DD8-A683-E0A3F97322E8}.Debug|Any CPU.Build.0 = Debug|Any CPU
		{E47AF140-7E39-4DD8-A683-E0A3F97322E8}.Release|Any CPU.ActiveCfg = Release|Any CPU
		{E47AF140-7E39-4DD8-A683-E0A3F97322E8}.Release|Any CPU.Build.0 = Release|Any CPU
		{D17D3538-FAA9-4F72-919B-D9924BD3DA30}.Debug|Any CPU.ActiveCfg = Debug|Any CPU
		{D17D3538-FAA9-4F72-919B-D9924BD3DA30}.Debug|Any CPU.Build.0 = Debug|Any CPU
		{D17D3538-FAA9-4F72-919B-D9924BD3DA30}.Release|Any CPU.ActiveCfg = Release|Any CPU
		{D17D3538-FAA9-4F72-919B-D9924BD3DA30}.Release|Any CPU.Build.0 = Release|Any CPU
		{DDD72D0F-11B2-4D8E-804C-7382D394B489}.Debug|Any CPU.ActiveCfg = Debug|Any CPU
		{DDD72D0F-11B2-4D8E-804C-7382D394B489}.Debug|Any CPU.Build.0 = Debug|Any CPU
		{DDD72D0F-11B2-4D8E-804C-7382D394B489}.Release|Any CPU.ActiveCfg = Release|Any CPU
		{DDD72D0F-11B2-4D8E-804C-7382D394B489}.Release|Any CPU.Build.0 = Release|Any CPU
		{BD9B5FF7-E4B2-48C4-AAB5-20790E4B2C0A}.Debug|Any CPU.ActiveCfg = Debug|Any CPU
		{BD9B5FF7-E4B2-48C4-AAB5-20790E4B2C0A}.Debug|Any CPU.Build.0 = Debug|Any CPU
		{BD9B5FF7-E4B2-48C4-AAB5-20790E4B2C0A}.Release|Any CPU.ActiveCfg = Release|Any CPU
		{BD9B5FF7-E4B2-48C4-AAB5-20790E4B2C0A}.Release|Any CPU.Build.0 = Release|Any CPU
		{EE533E8D-A8A7-4468-B912-D9156E8EA9DA}.Debug|Any CPU.ActiveCfg = Debug|Any CPU
		{EE533E8D-A8A7-4468-B912-D9156E8EA9DA}.Debug|Any CPU.Build.0 = Debug|Any CPU
		{EE533E8D-A8A7-4468-B912-D9156E8EA9DA}.Release|Any CPU.ActiveCfg = Release|Any CPU
		{EE533E8D-A8A7-4468-B912-D9156E8EA9DA}.Release|Any CPU.Build.0 = Release|Any CPU
		{F6001599-8AD0-4EC5-9A64-7E3CA3761BF8}.Debug|Any CPU.ActiveCfg = Debug|Any CPU
		{F6001599-8AD0-4EC5-9A64-7E3CA3761BF8}.Debug|Any CPU.Build.0 = Debug|Any CPU
		{F6001599-8AD0-4EC5-9A64-7E3CA3761BF8}.Release|Any CPU.ActiveCfg = Release|Any CPU
		{F6001599-8AD0-4EC5-9A64-7E3CA3761BF8}.Release|Any CPU.Build.0 = Release|Any CPU
		{EB56394F-A246-46E5-9C0E-F3E5D5AD4637}.Debug|Any CPU.ActiveCfg = Debug|Any CPU
		{EB56394F-A246-46E5-9C0E-F3E5D5AD4637}.Debug|Any CPU.Build.0 = Debug|Any CPU
		{EB56394F-A246-46E5-9C0E-F3E5D5AD4637}.Release|Any CPU.ActiveCfg = Release|Any CPU
		{EB56394F-A246-46E5-9C0E-F3E5D5AD4637}.Release|Any CPU.Build.0 = Release|Any CPU
		{D22042D4-C01B-4C2A-8FCC-28F5E70F4A24}.Debug|Any CPU.ActiveCfg = Debug|Any CPU
		{D22042D4-C01B-4C2A-8FCC-28F5E70F4A24}.Debug|Any CPU.Build.0 = Debug|Any CPU
		{D22042D4-C01B-4C2A-8FCC-28F5E70F4A24}.Release|Any CPU.ActiveCfg = Release|Any CPU
		{D22042D4-C01B-4C2A-8FCC-28F5E70F4A24}.Release|Any CPU.Build.0 = Release|Any CPU
	EndGlobalSection
	GlobalSection(SolutionProperties) = preSolution
		HideSolutionNode = FALSE
	EndGlobalSection
	GlobalSection(NestedProjects) = preSolution
		{8F88D184-CFA5-478A-A159-2C9DE6D0D033} = {8C5E747D-BBDD-49D0-AD87-2111B56CE675}
		{BC7F9622-10F7-4AD9-99EE-5FCC299D8F75} = {8F88D184-CFA5-478A-A159-2C9DE6D0D033}
		{06747D80-48FF-4E62-9031-44E3D7780100} = {320D835A-84D4-4111-982B-AAA68B918F94}
		{FB1613A2-9BE0-4304-9F51-5557B036CB83} = {320D835A-84D4-4111-982B-AAA68B918F94}
		{7249109B-5A30-4495-A42A-301FC11A551C} = {06747D80-48FF-4E62-9031-44E3D7780100}
		{7359D8D2-36D9-4C8F-98C4-F2A796E5BD68} = {06747D80-48FF-4E62-9031-44E3D7780100}
		{2CBA38C1-3EB2-4787-8700-900A62258F6F} = {FB1613A2-9BE0-4304-9F51-5557B036CB83}
		{6EC3F9DF-BAC8-4396-812E-5EBCC1848C33} = {FB1613A2-9BE0-4304-9F51-5557B036CB83}
		{EC95B43D-EF9A-46F8-BF5C-E63BECFF4F92} = {E44E3FDA-EC07-43DD-84FD-56D8F74BB873}
		{A29909CB-A1BE-48CB-9803-3CB54E153F9A} = {EC95B43D-EF9A-46F8-BF5C-E63BECFF4F92}
		{CF7FA74F-7267-4E31-82D7-ADAA5498462B} = {7AB56E06-773E-49C2-AD77-AF3C4B34F48C}
		{A0D254FE-E60C-4864-8EA3-62B6352064F9} = {CF7FA74F-7267-4E31-82D7-ADAA5498462B}
		{BEEF3B5D-AC77-438B-BD77-0C676FE91E88} = {C686B329-FB8F-44F8-B94F-4D7D9BF286F3}
		{E54FE755-9CCB-45C1-AD7A-868A7153447F} = {04F1E2A2-5122-4AE4-870A-FB865EAC9EF2}
		{15E3286E-68BE-4F37-A777-9E980AA667B2} = {E54FE755-9CCB-45C1-AD7A-868A7153447F}
		{A020A51C-D039-4122-A97E-F4B86CB815D1} = {3F660A3F-91BA-4D82-B8BD-4D14C06ADEB9}
		{C193C328-E088-4F82-9E33-1B33DB2FF9A3} = {A020A51C-D039-4122-A97E-F4B86CB815D1}
		{C52DCB37-D1E8-4C52-8E67-B772B4FB2152} = {317DE051-6C84-4BA9-A471-7B6FCD767D53}
		{E47AF140-7E39-4DD8-A683-E0A3F97322E8} = {C52DCB37-D1E8-4C52-8E67-B772B4FB2152}
		{F7349128-94AB-4B6C-A62F-32B473121119} = {887DA95B-2821-470B-B892-0944EDCF119A}
		{D17D3538-FAA9-4F72-919B-D9924BD3DA30} = {F7349128-94AB-4B6C-A62F-32B473121119}
		{49B6950A-A48B-495C-8CA4-D1FEFC80B782} = {317DE051-6C84-4BA9-A471-7B6FCD767D53}
		{DDD72D0F-11B2-4D8E-804C-7382D394B489} = {49B6950A-A48B-495C-8CA4-D1FEFC80B782}
		{BD9B5FF7-E4B2-48C4-AAB5-20790E4B2C0A} = {49B6950A-A48B-495C-8CA4-D1FEFC80B782}
		{0E83CBE9-D3C4-47A5-A0C8-86318E0EFF46} = {317DE051-6C84-4BA9-A471-7B6FCD767D53}
		{EE533E8D-A8A7-4468-B912-D9156E8EA9DA} = {0E83CBE9-D3C4-47A5-A0C8-86318E0EFF46}
		{B4AD1264-875B-41A0-93DD-C79EEFD20FAF} = {7BD7C9B9-5241-4D27-9E3C-1C0A4E1EC226}
		{F6001599-8AD0-4EC5-9A64-7E3CA3761BF8} = {B4AD1264-875B-41A0-93DD-C79EEFD20FAF}
		{1428B49D-6033-498B-8E96-ECF3EE59EF7E} = {7BD7C9B9-5241-4D27-9E3C-1C0A4E1EC226}
		{EB56394F-A246-46E5-9C0E-F3E5D5AD4637} = {1428B49D-6033-498B-8E96-ECF3EE59EF7E}
		{D22042D4-C01B-4C2A-8FCC-28F5E70F4A24} = {F7349128-94AB-4B6C-A62F-32B473121119}
	EndGlobalSection
	GlobalSection(ExtensibilityGlobals) = postSolution
		SolutionGuid = {5AEA417B-DDEF-4AD6-B497-27A2CA4F64AB}
	EndGlobalSection
EndGlobal
