
Microsoft Visual Studio Solution File, Format Version 12.00
# Visual Studio Version 16
VisualStudioVersion = 16.0.31129.286
MinimumVisualStudioVersion = 10.0.40219.1
Project("{2150E333-8FDC-42A3-9474-1A3956D46DE8}") = "DesignPattern", "DesignPattern", "{8C5E747D-BBDD-49D0-AD87-2111B56CE675}"
EndProject
Project("{2150E333-8FDC-42A3-9474-1A3956D46DE8}") = "ObserverPattern", "ObserverPattern", "{8F88D184-CFA5-478A-A159-2C9DE6D0D033}"
EndProject
Project("{9A19103F-16F7-4668-BE54-9A1E7A4F7556}") = "ObserverPattern", "DesignPattern\ObserverPattern\ObserverPattern.csproj", "{BC7F9622-10F7-4AD9-99EE-5FCC299D8F75}"
EndProject
Project("{2150E333-8FDC-42A3-9474-1A3956D46DE8}") = "Rabbitmq", "Rabbitmq", "{320D835A-84D4-4111-982B-AAA68B918F94}"
EndProject
Project("{2150E333-8FDC-42A3-9474-1A3956D46DE8}") = "demo1", "demo1", "{06747D80-48FF-4E62-9031-44E3D7780100}"
EndProject
Project("{2150E333-8FDC-42A3-9474-1A3956D46DE8}") = "demo2", "demo2", "{FB1613A2-9BE0-4304-9F51-5557B036CB83}"
EndProject
Project("{9A19103F-16F7-4668-BE54-9A1E7A4F7556}") = "Send", "Rabbitmq\demo1\Send\Send.csproj", "{7249109B-5A30-4495-A42A-301FC11A551C}"
EndProject
Project("{9A19103F-16F7-4668-BE54-9A1E7A4F7556}") = "Receive", "Rabbitmq\demo1\Receive\Receive.csproj", "{7359D8D2-36D9-4C8F-98C4-F2A796E5BD68}"
EndProject
Project("{9A19103F-16F7-4668-BE54-9A1E7A4F7556}") = "NewTask", "Rabbitmq\demo2\NewTask\NewTask.csproj", "{2CBA38C1-3EB2-4787-8700-900A62258F6F}"
EndProject
Project("{9A19103F-16F7-4668-BE54-9A1E7A4F7556}") = "Worker", "Rabbitmq\demo2\Worker\Worker.csproj", "{6EC3F9DF-BAC8-4396-812E-5EBCC1848C33}"
EndProject
Project("{2150E333-8FDC-42A3-9474-1A3956D46DE8}") = "MongoDb", "MongoDb", "{E44E3FDA-EC07-43DD-84FD-56D8F74BB873}"
EndProject
Project("{2150E333-8FDC-42A3-9474-1A3956D46DE8}") = "demo1", "demo1", "{EC95B43D-EF9A-46F8-BF5C-E63BECFF4F92}"
EndProject
Project("{9A19103F-16F7-4668-BE54-9A1E7A4F7556}") = "InsertMongo", "MongoDb\demo1\InsertMongo\InsertMongo\InsertMongo.csproj", "{A29909CB-A1BE-48CB-9803-3CB54E153F9A}"
EndProject
Project("{2150E333-8FDC-42A3-9474-1A3956D46DE8}") = "Solution Items", "Solution Items", "{68E4A78F-C887-4A2D-AB9E-91CDBD89C8D8}"
	ProjectSection(SolutionItems) = preProject
		README.md = README.md
	EndProjectSection
EndProject
Project("{2150E333-8FDC-42A3-9474-1A3956D46DE8}") = "AdoNet", "AdoNet", "{7AB56E06-773E-49C2-AD77-AF3C4B34F48C}"
EndProject
Project("{2150E333-8FDC-42A3-9474-1A3956D46DE8}") = "DbProviderFactoryDemo", "DbProviderFactoryDemo", "{CF7FA74F-7267-4E31-82D7-ADAA5498462B}"
EndProject
Project("{FAE04EC0-301F-11D3-BF4B-00C04F79EFBC}") = "DbProviderFactoryDemo", "AdoNet\DbProviderFactoryDemo\DbProviderFactoryDemo\DbProviderFactoryDemo.csproj", "{A0D254FE-E60C-4864-8EA3-62B6352064F9}"
EndProject
Global
	GlobalSection(SolutionConfigurationPlatforms) = preSolution
		Debug|Any CPU = Debug|Any CPU
		Release|Any CPU = Release|Any CPU
	EndGlobalSection
	GlobalSection(ProjectConfigurationPlatforms) = postSolution
		{BC7F9622-10F7-4AD9-99EE-5FCC299D8F75}.Debug|Any CPU.ActiveCfg = Debug|Any CPU
		{BC7F9622-10F7-4AD9-99EE-5FCC299D8F75}.Debug|Any CPU.Build.0 = Debug|Any CPU
		{BC7F9622-10F7-4AD9-99EE-5FCC299D8F75}.Release|Any CPU.ActiveCfg = Release|Any CPU
		{BC7F9622-10F7-4AD9-99EE-5FCC299D8F75}.Release|Any CPU.Build.0 = Release|Any CPU
		{7249109B-5A30-4495-A42A-301FC11A551C}.Debug|Any CPU.ActiveCfg = Debug|Any CPU
		{7249109B-5A30-4495-A42A-301FC11A551C}.Debug|Any CPU.Build.0 = Debug|Any CPU
		{7249109B-5A30-4495-A42A-301FC11A551C}.Release|Any CPU.ActiveCfg = Release|Any CPU
		{7249109B-5A30-4495-A42A-301FC11A551C}.Release|Any CPU.Build.0 = Release|Any CPU
		{7359D8D2-36D9-4C8F-98C4-F2A796E5BD68}.Debug|Any CPU.ActiveCfg = Debug|Any CPU
		{7359D8D2-36D9-4C8F-98C4-F2A796E5BD68}.Debug|Any CPU.Build.0 = Debug|Any CPU
		{7359D8D2-36D9-4C8F-98C4-F2A796E5BD68}.Release|Any CPU.ActiveCfg = Release|Any CPU
		{7359D8D2-36D9-4C8F-98C4-F2A796E5BD68}.Release|Any CPU.Build.0 = Release|Any CPU
		{2CBA38C1-3EB2-4787-8700-900A62258F6F}.Debug|Any CPU.ActiveCfg = Debug|Any CPU
		{2CBA38C1-3EB2-4787-8700-900A62258F6F}.Debug|Any CPU.Build.0 = Debug|Any CPU
		{2CBA38C1-3EB2-4787-8700-900A62258F6F}.Release|Any CPU.ActiveCfg = Release|Any CPU
		{2CBA38C1-3EB2-4787-8700-900A62258F6F}.Release|Any CPU.Build.0 = Release|Any CPU
		{6EC3F9DF-BAC8-4396-812E-5EBCC1848C33}.Debug|Any CPU.ActiveCfg = Debug|Any CPU
		{6EC3F9DF-BAC8-4396-812E-5EBCC1848C33}.Debug|Any CPU.Build.0 = Debug|Any CPU
		{6EC3F9DF-BAC8-4396-812E-5EBCC1848C33}.Release|Any CPU.ActiveCfg = Release|Any CPU
		{6EC3F9DF-BAC8-4396-812E-5EBCC1848C33}.Release|Any CPU.Build.0 = Release|Any CPU
		{A29909CB-A1BE-48CB-9803-3CB54E153F9A}.Debug|Any CPU.ActiveCfg = Debug|Any CPU
		{A29909CB-A1BE-48CB-9803-3CB54E153F9A}.Debug|Any CPU.Build.0 = Debug|Any CPU
		{A29909CB-A1BE-48CB-9803-3CB54E153F9A}.Release|Any CPU.ActiveCfg = Release|Any CPU
		{A29909CB-A1BE-48CB-9803-3CB54E153F9A}.Release|Any CPU.Build.0 = Release|Any CPU
		{A0D254FE-E60C-4864-8EA3-62B6352064F9}.Debug|Any CPU.ActiveCfg = Debug|Any CPU
		{A0D254FE-E60C-4864-8EA3-62B6352064F9}.Debug|Any CPU.Build.0 = Debug|Any CPU
		{A0D254FE-E60C-4864-8EA3-62B6352064F9}.Release|Any CPU.ActiveCfg = Release|Any CPU
		{A0D254FE-E60C-4864-8EA3-62B6352064F9}.Release|Any CPU.Build.0 = Release|Any CPU
	EndGlobalSection
	GlobalSection(SolutionProperties) = preSolution
		HideSolutionNode = FALSE
	EndGlobalSection
	GlobalSection(NestedProjects) = preSolution
		{8F88D184-CFA5-478A-A159-2C9DE6D0D033} = {8C5E747D-BBDD-49D0-AD87-2111B56CE675}
		{BC7F9622-10F7-4AD9-99EE-5FCC299D8F75} = {8F88D184-CFA5-478A-A159-2C9DE6D0D033}
		{06747D80-48FF-4E62-9031-44E3D7780100} = {320D835A-84D4-4111-982B-AAA68B918F94}
		{FB1613A2-9BE0-4304-9F51-5557B036CB83} = {320D835A-84D4-4111-982B-AAA68B918F94}
		{7249109B-5A30-4495-A42A-301FC11A551C} = {06747D80-48FF-4E62-9031-44E3D7780100}
		{7359D8D2-36D9-4C8F-98C4-F2A796E5BD68} = {06747D80-48FF-4E62-9031-44E3D7780100}
		{2CBA38C1-3EB2-4787-8700-900A62258F6F} = {FB1613A2-9BE0-4304-9F51-5557B036CB83}
		{6EC3F9DF-BAC8-4396-812E-5EBCC1848C33} = {FB1613A2-9BE0-4304-9F51-5557B036CB83}
		{EC95B43D-EF9A-46F8-BF5C-E63BECFF4F92} = {E44E3FDA-EC07-43DD-84FD-56D8F74BB873}
		{A29909CB-A1BE-48CB-9803-3CB54E153F9A} = {EC95B43D-EF9A-46F8-BF5C-E63BECFF4F92}
		{CF7FA74F-7267-4E31-82D7-ADAA5498462B} = {7AB56E06-773E-49C2-AD77-AF3C4B34F48C}
		{A0D254FE-E60C-4864-8EA3-62B6352064F9} = {CF7FA74F-7267-4E31-82D7-ADAA5498462B}
	EndGlobalSection
	GlobalSection(ExtensibilityGlobals) = postSolution
		SolutionGuid = {5AEA417B-DDEF-4AD6-B497-27A2CA4F64AB}
	EndGlobalSection
EndGlobal
