
Microsoft Visual Studio Solution File, Format Version 12.00
# Visual Studio Version 16
VisualStudioVersion = 16.0.31129.286
MinimumVisualStudioVersion = 10.0.40219.1
Project("{9A19103F-16F7-4668-BE54-9A1E7A4F7556}") = "ObserverPattern", "ObserverPattern\ObserverPattern.csproj", "{6E7D85FF-8FFE-45EF-897F-2ECA8843E6B1}"
EndProject
Project("{2150E333-8FDC-42A3-9474-1A3956D46DE8}") = "Rabbitmq", "Rabbitmq", "{0A0553BB-9426-4F42-B970-1AD04E3E3827}"
EndProject
Project("{2150E333-8FDC-42A3-9474-1A3956D46DE8}") = "DesignPattern", "DesignPattern", "{DAC30A36-124B-4B23-ABED-07A07289A0CF}"
EndProject
Global
	GlobalSection(SolutionConfigurationPlatforms) = preSolution
		Debug|Any CPU = Debug|Any CPU
		Release|Any CPU = Release|Any CPU
	EndGlobalSection
	GlobalSection(ProjectConfigurationPlatforms) = postSolution
		{6E7D85FF-8FFE-45EF-897F-2ECA8843E6B1}.Debug|Any CPU.ActiveCfg = Debug|Any CPU
		{6E7D85FF-8FFE-45EF-897F-2ECA8843E6B1}.Debug|Any CPU.Build.0 = Debug|Any CPU
		{6E7D85FF-8FFE-45EF-897F-2ECA8843E6B1}.Release|Any CPU.ActiveCfg = Release|Any CPU
		{6E7D85FF-8FFE-45EF-897F-2ECA8843E6B1}.Release|Any CPU.Build.0 = Release|Any CPU
	EndGlobalSection
	GlobalSection(SolutionProperties) = preSolution
		HideSolutionNode = FALSE
	EndGlobalSection
	GlobalSection(NestedProjects) = preSolution
		{6E7D85FF-8FFE-45EF-897F-2ECA8843E6B1} = {DAC30A36-124B-4B23-ABED-07A07289A0CF}
	EndGlobalSection
	GlobalSection(ExtensibilityGlobals) = postSolution
		SolutionGuid = {5AEA417B-DDEF-4AD6-B497-27A2CA4F64AB}
	EndGlobalSection
EndGlobal
